// !$*UTF8*$!
{
	archiveVersion = 1;
	classes = {
	};
	objectVersion = 51;
	objects = {

/* Begin PBXBuildFile section */
		DD08601B255331B10096CA9E /* AppDelegate.swift in Sources */ = {isa = PBXBuildFile; fileRef = DD08601A255331B10096CA9E /* AppDelegate.swift */; };
		DD08601D255331B10096CA9E /* SceneDelegate.swift in Sources */ = {isa = PBXBuildFile; fileRef = DD08601C255331B10096CA9E /* SceneDelegate.swift */; };
		DD08601F255331B10096CA9E /* ViewController.swift in Sources */ = {isa = PBXBuildFile; fileRef = DD08601E255331B10096CA9E /* ViewController.swift */; };
		DD086022255331B10096CA9E /* Main.storyboard in Resources */ = {isa = PBXBuildFile; fileRef = DD086020255331B10096CA9E /* Main.storyboard */; };
		DD086024255331B30096CA9E /* Assets.xcassets in Resources */ = {isa = PBXBuildFile; fileRef = DD086023255331B30096CA9E /* Assets.xcassets */; };
		DD086027255331B30096CA9E /* LaunchScreen.storyboard in Resources */ = {isa = PBXBuildFile; fileRef = DD086025255331B30096CA9E /* LaunchScreen.storyboard */; };
		DD086031255553B60096CA9E /* TableViewCell.swift in Sources */ = {isa = PBXBuildFile; fileRef = DD086030255553B60096CA9E /* TableViewCell.swift */; };
		FBE8945A7245ADD432B4D07B /* Pods_SwipeTableViewCell.framework in Frameworks */ = {isa = PBXBuildFile; fileRef = CC984A2E2977E457E4DA6395 /* Pods_SwipeTableViewCell.framework */; };
/* End PBXBuildFile section */

/* Begin PBXFileReference section */
		3100D5083E04FB04149084FB /* Pods-SwipeTableViewCell.release.xcconfig */ = {isa = PBXFileReference; includeInIndex = 1; lastKnownFileType = text.xcconfig; name = "Pods-SwipeTableViewCell.release.xcconfig"; path = "Target Support Files/Pods-SwipeTableViewCell/Pods-SwipeTableViewCell.release.xcconfig"; sourceTree = "<group>"; };
		CC984A2E2977E457E4DA6395 /* Pods_SwipeTableViewCell.framework */ = {isa = PBXFileReference; explicitFileType = wrapper.framework; includeInIndex = 0; path = Pods_SwipeTableViewCell.framework; sourceTree = BUILT_PRODUCTS_DIR; };
		D39F1052A5C2F47E60204D71 /* Pods-SwipeTableViewCell.debug.xcconfig */ = {isa = PBXFileReference; includeInIndex = 1; lastKnownFileType = text.xcconfig; name = "Pods-SwipeTableViewCell.debug.xcconfig"; path = "Target Support Files/Pods-SwipeTableViewCell/Pods-SwipeTableViewCell.debug.xcconfig"; sourceTree = "<group>"; };
		DD086017255331B10096CA9E /* SwipeTableViewCell.app */ = {isa = PBXFileReference; explicitFileType = wrapper.application; includeInIndex = 0; path = SwipeTableViewCell.app; sourceTree = BUILT_PRODUCTS_DIR; };
		DD08601A255331B10096CA9E /* AppDelegate.swift */ = {isa = PBXFileReference; lastKnownFileType = sourcecode.swift; path = AppDelegate.swift; sourceTree = "<group>"; };
		DD08601C255331B10096CA9E /* SceneDelegate.swift */ = {isa = PBXFileReference; lastKnownFileType = sourcecode.swift; path = SceneDelegate.swift; sourceTree = "<group>"; };
		DD08601E255331B10096CA9E /* ViewController.swift */ = {isa = PBXFileReference; lastKnownFileType = sourcecode.swift; path = ViewController.swift; sourceTree = "<group>"; };
		DD086021255331B10096CA9E /* Base */ = {isa = PBXFileReference; lastKnownFileType = file.storyboard; name = Base; path = Base.lproj/Main.storyboard; sourceTree = "<group>"; };
		DD086023255331B30096CA9E /* Assets.xcassets */ = {isa = PBXFileReference; lastKnownFileType = folder.assetcatalog; path = Assets.xcassets; sourceTree = "<group>"; };
		DD086026255331B30096CA9E /* Base */ = {isa = PBXFileReference; lastKnownFileType = file.storyboard; name = Base; path = Base.lproj/LaunchScreen.storyboard; sourceTree = "<group>"; };
		DD086028255331B30096CA9E /* Info.plist */ = {isa = PBXFileReference; lastKnownFileType = text.plist.xml; path = Info.plist; sourceTree = "<group>"; };
		DD086030255553B60096CA9E /* TableViewCell.swift */ = {isa = PBXFileReference; lastKnownFileType = sourcecode.swift; path = TableViewCell.swift; sourceTree = "<group>"; };
/* End PBXFileReference section */

/* Begin PBXFrameworksBuildPhase section */
		DD086014255331B10096CA9E /* Frameworks */ = {
			isa = PBXFrameworksBuildPhase;
			buildActionMask = 2147483647;
			files = (
				FBE8945A7245ADD432B4D07B /* Pods_SwipeTableViewCell.framework in Frameworks */,
			);
			runOnlyForDeploymentPostprocessing = 0;
		};
/* End PBXFrameworksBuildPhase section */

/* Begin PBXGroup section */
		2A220F0AB7B251B098637A01 /* Pods */ = {
			isa = PBXGroup;
			children = (
				D39F1052A5C2F47E60204D71 /* Pods-SwipeTableViewCell.debug.xcconfig */,
				3100D5083E04FB04149084FB /* Pods-SwipeTableViewCell.release.xcconfig */,
			);
			path = Pods;
			sourceTree = "<group>";
		};
		DD08600E255331B00096CA9E = {
			isa = PBXGroup;
			children = (
				DD086019255331B10096CA9E /* SwipeTableViewCell */,
				DD086018255331B10096CA9E /* Products */,
				2A220F0AB7B251B098637A01 /* Pods */,
				EB562EC33C547A03FC00688A /* Frameworks */,
			);
			sourceTree = "<group>";
		};
		DD086018255331B10096CA9E /* Products */ = {
			isa = PBXGroup;
			children = (
				DD086017255331B10096CA9E /* SwipeTableViewCell.app */,
			);
			name = Products;
			sourceTree = "<group>";
		};
		DD086019255331B10096CA9E /* SwipeTableViewCell */ = {
			isa = PBXGroup;
			children = (
				DD08601A255331B10096CA9E /* AppDelegate.swift */,
				DD08601C255331B10096CA9E /* SceneDelegate.swift */,
				DD08601E255331B10096CA9E /* ViewController.swift */,
				DD086030255553B60096CA9E /* TableViewCell.swift */,
				DD086020255331B10096CA9E /* Main.storyboard */,
				DD086023255331B30096CA9E /* Assets.xcassets */,
				DD086025255331B30096CA9E /* LaunchScreen.storyboard */,
				DD086028255331B30096CA9E /* Info.plist */,
			);
			path = SwipeTableViewCell;
			sourceTree = "<group>";
		};
		EB562EC33C547A03FC00688A /* Frameworks */ = {
			isa = PBXGroup;
			children = (
				CC984A2E2977E457E4DA6395 /* Pods_SwipeTableViewCell.framework */,
			);
			name = Frameworks;
			sourceTree = "<group>";
		};
/* End PBXGroup section */

/* Begin PBXNativeTarget section */
		DD086016255331B10096CA9E /* SwipeTableViewCell */ = {
			isa = PBXNativeTarget;
			buildConfigurationList = DD08602B255331B30096CA9E /* Build configuration list for PBXNativeTarget "SwipeTableViewCell" */;
			buildPhases = (
				016FFA178C4C2940387E3C0A /* [CP] Check Pods Manifest.lock */,
				DD086013255331B10096CA9E /* Sources */,
				DD086014255331B10096CA9E /* Frameworks */,
				DD086015255331B10096CA9E /* Resources */,
				45348201C35D589B31A62D90 /* [CP] Embed Pods Frameworks */,
			);
			buildRules = (
			);
			dependencies = (
			);
			name = SwipeTableViewCell;
			productName = SwipeTableViewCell;
			productReference = DD086017255331B10096CA9E /* SwipeTableViewCell.app */;
			productType = "com.apple.product-type.application";
		};
/* End PBXNativeTarget section */

/* Begin PBXProject section */
		DD08600F255331B00096CA9E /* Project object */ = {
			isa = PBXProject;
			attributes = {
				LastSwiftUpdateCheck = 1160;
				LastUpgradeCheck = 1160;
				ORGANIZATIONNAME = "Vladimir Kovalenko";
				TargetAttributes = {
					DD086016255331B10096CA9E = {
						CreatedOnToolsVersion = 11.6;
					};
				};
			};
			buildConfigurationList = DD086012255331B00096CA9E /* Build configuration list for PBXProject "SwipeTableViewCell" */;
			compatibilityVersion = "Xcode 9.3";
			developmentRegion = en;
			hasScannedForEncodings = 0;
			knownRegions = (
				en,
				Base,
			);
			mainGroup = DD08600E255331B00096CA9E;
			productRefGroup = DD086018255331B10096CA9E /* Products */;
			projectDirPath = "";
			projectRoot = "";
			targets = (
				DD086016255331B10096CA9E /* SwipeTableViewCell */,
			);
		};
/* End PBXProject section */

/* Begin PBXResourcesBuildPhase section */
		DD086015255331B10096CA9E /* Resources */ = {
			isa = PBXResourcesBuildPhase;
			buildActionMask = 2147483647;
			files = (
				DD086027255331B30096CA9E /* LaunchScreen.storyboard in Resources */,
				DD086024255331B30096CA9E /* Assets.xcassets in Resources */,
				DD086022255331B10096CA9E /* Main.storyboard in Resources */,
			);
			runOnlyForDeploymentPostprocessing = 0;
		};
/* End PBXResourcesBuildPhase section */

/* Begin PBXShellScriptBuildPhase section */
		016FFA178C4C2940387E3C0A /* [CP] Check Pods Manifest.lock */ = {
			isa = PBXShellScriptBuildPhase;
			buildActionMask = 2147483647;
			files = (
			);
			inputFileListPaths = (
			);
			inputPaths = (
				"${PODS_PODFILE_DIR_PATH}/Podfile.lock",
				"${PODS_ROOT}/Manifest.lock",
			);
			name = "[CP] Check Pods Manifest.lock";
			outputFileListPaths = (
			);
			outputPaths = (
				"$(DERIVED_FILE_DIR)/Pods-SwipeTableViewCell-checkManifestLockResult.txt",
			);
			runOnlyForDeploymentPostprocessing = 0;
			shellPath = /bin/sh;
			shellScript = "diff \"${PODS_PODFILE_DIR_PATH}/Podfile.lock\" \"${PODS_ROOT}/Manifest.lock\" > /dev/null\nif [ $? != 0 ] ; then\n    # print error to STDERR\n    echo \"error: The sandbox is not in sync with the Podfile.lock. Run 'pod install' or update your CocoaPods installation.\" >&2\n    exit 1\nfi\n# This output is used by Xcode 'outputs' to avoid re-running this script phase.\necho \"SUCCESS\" > \"${SCRIPT_OUTPUT_FILE_0}\"\n";
			showEnvVarsInLog = 0;
		};
		45348201C35D589B31A62D90 /* [CP] Embed Pods Frameworks */ = {
			isa = PBXShellScriptBuildPhase;
			buildActionMask = 2147483647;
			files = (
			);
			inputFileListPaths = (
				"${PODS_ROOT}/Target Support Files/Pods-SwipeTableViewCell/Pods-SwipeTableViewCell-frameworks-${CONFIGURATION}-input-files.xcfilelist",
			);
			name = "[CP] Embed Pods Frameworks";
			outputFileListPaths = (
				"${PODS_ROOT}/Target Support Files/Pods-SwipeTableViewCell/Pods-SwipeTableViewCell-frameworks-${CONFIGURATION}-output-files.xcfilelist",
			);
			runOnlyForDeploymentPostprocessing = 0;
			shellPath = /bin/sh;
			shellScript = "\"${PODS_ROOT}/Target Support Files/Pods-SwipeTableViewCell/Pods-SwipeTableViewCell-frameworks.sh\"\n";
			showEnvVarsInLog = 0;
		};
/* End PBXShellScriptBuildPhase section */

/* Begin PBXSourcesBuildPhase section */
		DD086013255331B10096CA9E /* Sources */ = {
			isa = PBXSourcesBuildPhase;
			buildActionMask = 2147483647;
			files = (
				DD086031255553B60096CA9E /* TableViewCell.swift in Sources */,
				DD08601F255331B10096CA9E /* ViewController.swift in Sources */,
				DD08601B255331B10096CA9E /* AppDelegate.swift in Sources */,
				DD08601D255331B10096CA9E /* SceneDelegate.swift in Sources */,
			);
			runOnlyForDeploymentPostprocessing = 0;
		};
/* End PBXSourcesBuildPhase section */

/* Begin PBXVariantGroup section */
		DD086020255331B10096CA9E /* Main.storyboard */ = {
			isa = PBXVariantGroup;
			children = (
				DD086021255331B10096CA9E /* Base */,
			);
			name = Main.storyboard;
			sourceTree = "<group>";
		};
		DD086025255331B30096CA9E /* LaunchScreen.storyboard */ = {
			isa = PBXVariantGroup;
			children = (
				DD086026255331B30096CA9E /* Base */,
			);
			name = LaunchScreen.storyboard;
			sourceTree = "<group>";
		};
/* End PBXVariantGroup section */

/* Begin XCBuildConfiguration section */
		DD086029255331B30096CA9E /* Debug */ = {
			isa = XCBuildConfiguration;
			buildSettings = {
				ALWAYS_SEARCH_USER_PATHS = NO;
				CLANG_ANALYZER_NONNULL = YES;
				CLANG_ANALYZER_NUMBER_OBJECT_CONVERSION = YES_AGGRESSIVE;
				CLANG_CXX_LANGUAGE_STANDARD = "gnu++14";
				CLANG_CXX_LIBRARY = "libc++";
				CLANG_ENABLE_MODULES = YES;
				CLANG_ENABLE_OBJC_ARC = YES;
				CLANG_ENABLE_OBJC_WEAK = YES;
				CLANG_WARN_BLOCK_CAPTURE_AUTORELEASING = YES;
				CLANG_WARN_BOOL_CONVERSION = YES;
				CLANG_WARN_COMMA = YES;
				CLANG_WARN_CONSTANT_CONVERSION = YES;
				CLANG_WARN_DEPRECATED_OBJC_IMPLEMENTATIONS = YES;
				CLANG_WARN_DIRECT_OBJC_ISA_USAGE = YES_ERROR;
				CLANG_WARN_DOCUMENTATION_COMMENTS = YES;
				CLANG_WARN_EMPTY_BODY = YES;
				CLANG_WARN_ENUM_CONVERSION = YES;
				CLANG_WARN_INFINITE_RECURSION = YES;
				CLANG_WARN_INT_CONVERSION = YES;
				CLANG_WARN_NON_LITERAL_NULL_CONVERSION = YES;
				CLANG_WARN_OBJC_IMPLICIT_RETAIN_SELF = YES;
				CLANG_WARN_OBJC_LITERAL_CONVERSION = YES;
				CLANG_WARN_OBJC_ROOT_CLASS = YES_ERROR;
				CLANG_WARN_RANGE_LOOP_ANALYSIS = YES;
				CLANG_WARN_STRICT_PROTOTYPES = YES;
				CLANG_WARN_SUSPICIOUS_MOVE = YES;
				CLANG_WARN_UNGUARDED_AVAILABILITY = YES_AGGRESSIVE;
				CLANG_WARN_UNREACHABLE_CODE = YES;
				CLANG_WARN__DUPLICATE_METHOD_MATCH = YES;
				COPY_PHASE_STRIP = NO;
				DEBUG_INFORMATION_FORMAT = dwarf;
				ENABLE_STRICT_OBJC_MSGSEND = YES;
				ENABLE_TESTABILITY = YES;
				GCC_C_LANGUAGE_STANDARD = gnu11;
				GCC_DYNAMIC_NO_PIC = NO;
				GCC_NO_COMMON_BLOCKS = YES;
				GCC_OPTIMIZATION_LEVEL = 0;
				GCC_PREPROCESSOR_DEFINITIONS = (
					"DEBUG=1",
					"$(inherited)",
				);
				GCC_WARN_64_TO_32_BIT_CONVERSION = YES;
				GCC_WARN_ABOUT_RETURN_TYPE = YES_ERROR;
				GCC_WARN_UNDECLARED_SELECTOR = YES;
				GCC_WARN_UNINITIALIZED_AUTOS = YES_AGGRESSIVE;
				GCC_WARN_UNUSED_FUNCTION = YES;
				GCC_WARN_UNUSED_VARIABLE = YES;
				IPHONEOS_DEPLOYMENT_TARGET = 13.6;
				MTL_ENABLE_DEBUG_INFO = INCLUDE_SOURCE;
				MTL_FAST_MATH = YES;
				ONLY_ACTIVE_ARCH = YES;
				SDKROOT = iphoneos;
				SWIFT_ACTIVE_COMPILATION_CONDITIONS = DEBUG;
				SWIFT_OPTIMIZATION_LEVEL = "-Onone";
			};
			name = Debug;
		};
		DD08602A255331B30096CA9E /* Release */ = {
			isa = XCBuildConfiguration;
			buildSettings = {
				ALWAYS_SEARCH_USER_PATHS = NO;
				CLANG_ANALYZER_NONNULL = YES;
				CLANG_ANALYZER_NUMBER_OBJECT_CONVERSION = YES_AGGRESSIVE;
				CLANG_CXX_LANGUAGE_STANDARD = "gnu++14";
				CLANG_CXX_LIBRARY = "libc++";
				CLANG_ENABLE_MODULES = YES;
				CLANG_ENABLE_OBJC_ARC = YES;
				CLANG_ENABLE_OBJC_WEAK = YES;
				CLANG_WARN_BLOCK_CAPTURE_AUTORELEASING = YES;
				CLANG_WARN_BOOL_CONVERSION = YES;
				CLANG_WARN_COMMA = YES;
				CLANG_WARN_CONSTANT_CONVERSION = YES;
				CLANG_WARN_DEPRECATED_OBJC_IMPLEMENTATIONS = YES;
				CLANG_WARN_DIRECT_OBJC_ISA_USAGE = YES_ERROR;
				CLANG_WARN_DOCUMENTATION_COMMENTS = YES;
				CLANG_WARN_EMPTY_BODY = YES;
				CLANG_WARN_ENUM_CONVERSION = YES;
				CLANG_WARN_INFINITE_RECURSION = YES;
				CLANG_WARN_INT_CONVERSION = YES;
				CLANG_WARN_NON_LITERAL_NULL_CONVERSION = YES;
				CLANG_WARN_OBJC_IMPLICIT_RETAIN_SELF = YES;
				CLANG_WARN_OBJC_LITERAL_CONVERSION = YES;
				CLANG_WARN_OBJC_ROOT_CLASS = YES_ERROR;
				CLANG_WARN_RANGE_LOOP_ANALYSIS = YES;
				CLANG_WARN_STRICT_PROTOTYPES = YES;
				CLANG_WARN_SUSPICIOUS_MOVE = YES;
				CLANG_WARN_UNGUARDED_AVAILABILITY = YES_AGGRESSIVE;
				CLANG_WARN_UNREACHABLE_CODE = YES;
				CLANG_WARN__DUPLICATE_METHOD_MATCH = YES;
				COPY_PHASE_STRIP = NO;
				DEBUG_INFORMATION_FORMAT = "dwarf-with-dsym";
				ENABLE_NS_ASSERTIONS = NO;
				ENABLE_STRICT_OBJC_MSGSEND = YES;
				GCC_C_LANGUAGE_STANDARD = gnu11;
				GCC_NO_COMMON_BLOCKS = YES;
				GCC_WARN_64_TO_32_BIT_CONVERSION = YES;
				GCC_WARN_ABOUT_RETURN_TYPE = YES_ERROR;
				GCC_WARN_UNDECLARED_SELECTOR = YES;
				GCC_WARN_UNINITIALIZED_AUTOS = YES_AGGRESSIVE;
				GCC_WARN_UNUSED_FUNCTION = YES;
				GCC_WARN_UNUSED_VARIABLE = YES;
				IPHONEOS_DEPLOYMENT_TARGET = 13.6;
				MTL_ENABLE_DEBUG_INFO = NO;
				MTL_FAST_MATH = YES;
				SDKROOT = iphoneos;
				SWIFT_COMPILATION_MODE = wholemodule;
				SWIFT_OPTIMIZATION_LEVEL = "-O";
				VALIDATE_PRODUCT = YES;
			};
			name = Release;
		};
		DD08602C255331B30096CA9E /* Debug */ = {
			isa = XCBuildConfiguration;
			baseConfigurationReference = D39F1052A5C2F47E60204D71 /* Pods-SwipeTableViewCell.debug.xcconfig */;
			buildSettings = {
				ASSETCATALOG_COMPILER_APPICON_NAME = AppIcon;
				CODE_SIGN_STYLE = Automatic;
				DEVELOPMENT_TEAM = PR437U27Q7;
				INFOPLIST_FILE = SwipeTableViewCell/Info.plist;
				LD_RUNPATH_SEARCH_PATHS = (
					"$(inherited)",
					"@executable_path/Frameworks",
				);
				PRODUCT_BUNDLE_IDENTIFIER = Vladimir.SwipeTableViewCell;
				PRODUCT_NAME = "$(TARGET_NAME)";
				SWIFT_VERSION = 5.0;
				TARGETED_DEVICE_FAMILY = "1,2";
			};
			name = Debug;
		};
		DD08602D255331B30096CA9E /* Release */ = {
			isa = XCBuildConfiguration;
			baseConfigurationReference = 3100D5083E04FB04149084FB /* Pods-SwipeTableViewCell.release.xcconfig */;
			buildSettings = {
				ASSETCATALOG_COMPILER_APPICON_NAME = AppIcon;
				CODE_SIGN_STYLE = Automatic;
				DEVELOPMENT_TEAM = PR437U27Q7;
				INFOPLIST_FILE = SwipeTableViewCell/Info.plist;
				LD_RUNPATH_SEARCH_PATHS = (
					"$(inherited)",
					"@executable_path/Frameworks",
				);
				PRODUCT_BUNDLE_IDENTIFIER = Vladimir.SwipeTableViewCell;
				PRODUCT_NAME = "$(TARGET_NAME)";
				SWIFT_VERSION = 5.0;
				TARGETED_DEVICE_FAMILY = "1,2";
			};
			name = Release;
		};
/* End XCBuildConfiguration section */

/* Begin XCConfigurationList section */
		DD086012255331B00096CA9E /* Build configuration list for PBXProject "SwipeTableViewCell" */ = {
			isa = XCConfigurationList;
			buildConfigurations = (
				DD086029255331B30096CA9E /* Debug */,
				DD08602A255331B30096CA9E /* Release */,
			);
			defaultConfigurationIsVisible = 0;
			defaultConfigurationName = Release;
		};
		DD08602B255331B30096CA9E /* Build configuration list for PBXNativeTarget "SwipeTableViewCell" */ = {
			isa = XCConfigurationList;
			buildConfigurations = (
				DD08602C255331B30096CA9E /* Debug */,
				DD08602D255331B30096CA9E /* Release */,
			);
			defaultConfigurationIsVisible = 0;
			defaultConfigurationName = Release;
		};
/* End XCConfigurationList section */
	};
	rootObject = DD08600F255331B00096CA9E /* Project object */;
}
